
Microsoft Visual Studio Solution File, Format Version 12.00
# Visual Studio 15
VisualStudioVersion = 15.0.27130.2003
MinimumVisualStudioVersion = 10.0.40219.1
Project("{FAE04EC0-301F-11D3-BF4B-00C04F79EFBC}") = "CEngine", "CEngine\CEngine.csproj", "{53B1A0C3-5DC3-462B-BBEB-9AC764A274B2}"
EndProject
Project("{FAE04EC0-301F-11D3-BF4B-00C04F79EFBC}") = "CEngineEditor", "CEngineEditor\CEngineEditor.csproj", "{14E94E4A-F1A4-4D51-99D0-F35DA09843BA}"
EndProject
Project("{FAE04EC0-301F-11D3-BF4B-00C04F79EFBC}") = "CDebug", "CDebug\CDebug.csproj", "{33614EF3-9E0C-46CF-9A11-4AB97AE41414}"
EndProject
Global
	GlobalSection(SolutionConfigurationPlatforms) = preSolution
		Debug|Any CPU = Debug|Any CPU
		Release|Any CPU = Release|Any CPU
	EndGlobalSection
	GlobalSection(ProjectConfigurationPlatforms) = postSolution
		{53B1A0C3-5DC3-462B-BBEB-9AC764A274B2}.Debug|Any CPU.ActiveCfg = Debug|Any CPU
		{53B1A0C3-5DC3-462B-BBEB-9AC764A274B2}.Debug|Any CPU.Build.0 = Debug|Any CPU
		{53B1A0C3-5DC3-462B-BBEB-9AC764A274B2}.Release|Any CPU.ActiveCfg = Release|Any CPU
		{53B1A0C3-5DC3-462B-BBEB-9AC764A274B2}.Release|Any CPU.Build.0 = Release|Any CPU
		{14E94E4A-F1A4-4D51-99D0-F35DA09843BA}.Debug|Any CPU.ActiveCfg = Debug|Any CPU
		{14E94E4A-F1A4-4D51-99D0-F35DA09843BA}.Debug|Any CPU.Build.0 = Debug|Any CPU
		{14E94E4A-F1A4-4D51-99D0-F35DA09843BA}.Release|Any CPU.ActiveCfg = Release|Any CPU
		{14E94E4A-F1A4-4D51-99D0-F35DA09843BA}.Release|Any CPU.Build.0 = Release|Any CPU
		{33614EF3-9E0C-46CF-9A11-4AB97AE41414}.Debug|Any CPU.ActiveCfg = Debug|Any CPU
		{33614EF3-9E0C-46CF-9A11-4AB97AE41414}.Debug|Any CPU.Build.0 = Debug|Any CPU
		{33614EF3-9E0C-46CF-9A11-4AB97AE41414}.Release|Any CPU.ActiveCfg = Release|Any CPU
		{33614EF3-9E0C-46CF-9A11-4AB97AE41414}.Release|Any CPU.Build.0 = Release|Any CPU
	EndGlobalSection
	GlobalSection(SolutionProperties) = preSolution
		HideSolutionNode = FALSE
	EndGlobalSection
	GlobalSection(ExtensibilityGlobals) = postSolution
		SolutionGuid = {C673D7A2-BC79-444B-8116-045F36A29241}
	EndGlobalSection
EndGlobal
